<?xml version="1.0" encoding="utf-8"?>
<Project ToolsVersion="4.0" xmlns="http://schemas.microsoft.com/developer/msbuild/2003">
  <ItemGroup>
    <Filter Include="Source Files">
      <UniqueIdentifier>{4FC737F1-C7A5-4376-A066-2A32D752A2FF}</UniqueIdentifier>
      <Extensions>cpp;c;cc;cxx;def;odl;idl;hpj;bat;asm;asmx</Extensions>
    </Filter>
    <Filter Include="Header Files">
      <UniqueIdentifier>{93995380-89BD-4b04-88EB-625FBE52EBFB}</UniqueIdentifier>
      <Extensions>h;hh;hpp;hxx;hm;inl;inc;xsd</Extensions>
    </Filter>
    <Filter Include="Resource Files">
      <UniqueIdentifier>{67DA6AB6-F800-4c08-8B7A-83BB121AAD01}</UniqueIdentifier>
      <Extensions>rc;ico;cur;bmp;dlg;rc2;rct;bin;rgs;gif;jpg;jpeg;jpe;resx;tiff;tif;png;wav;mfcribbon-ms</Extensions>
    </Filter>
    <Filter Include="libraries">
      <UniqueIdentifier>{cdd7bf5a-6bdd-4c17-a554-25497af09472}</UniqueIdentifier>
    </Filter>
  </ItemGroup>
  <ItemGroup>
    <Text Include="ReadMe.txt" />
    <Text Include="Development notes.txt" />
  </ItemGroup>
  <ItemGroup>
    <ClInclude Include="DeTeCt-MFC.h">
      <Filter>Header Files</Filter>
    </ClInclude>
    <ClInclude Include="DeTeCt-MFCDlg.h">
      <Filter>Header Files</Filter>
    </ClInclude>
    <ClInclude Include="stdafx.h">
      <Filter>Header Files</Filter>
    </ClInclude>
    <ClInclude Include="targetver.h">
      <Filter>Header Files</Filter>
    </ClInclude>
    <ClInclude Include="Resource.h">
      <Filter>Header Files</Filter>
    </ClInclude>
    <ClInclude Include="fits\fitshead.h">
      <Filter>Header Files</Filter>
    </ClInclude>
    <ClInclude Include="fits\imio.h">
      <Filter>Header Files</Filter>
    </ClInclude>
    <ClInclude Include="fits\lwcs.h">
      <Filter>Header Files</Filter>
    </ClInclude>
    <ClInclude Include="fits\wcs.h">
      <Filter>Header Files</Filter>
    </ClInclude>
    <ClInclude Include="fits\wcscat.h">
      <Filter>Header Files</Filter>
    </ClInclude>
    <ClInclude Include="fits\wcslib.h">
      <Filter>Header Files</Filter>
    </ClInclude>
    <ClInclude Include="cmdline.h">
      <Filter>Header Files</Filter>
    </ClInclude>
    <ClInclude Include="common.h">
      <Filter>Header Files</Filter>
    </ClInclude>
    <ClInclude Include="datation.h">
      <Filter>Header Files</Filter>
    </ClInclude>
    <ClInclude Include="dirent.h">
      <Filter>Header Files</Filter>
    </ClInclude>
    <ClInclude Include="dtc.h">
      <Filter>Header Files</Filter>
    </ClInclude>
    <ClInclude Include="filefmt.h">
      <Filter>Header Files</Filter>
    </ClInclude>
    <ClInclude Include="dtcgui.hpp">
      <Filter>Header Files</Filter>
    </ClInclude>
    <ClInclude Include="img2.h">
      <Filter>Header Files</Filter>
    </ClInclude>
    <ClInclude Include="filefmt2.h">
      <Filter>Header Files</Filter>
    </ClInclude>
    <ClInclude Include="wrapper2.h">
      <Filter>Header Files</Filter>
    </ClInclude>
    <ClInclude Include="auxfunc.h">
      <Filter>Header Files</Filter>
    </ClInclude>
    <ClInclude Include="dtcas3.h">
      <Filter>Header Files</Filter>
    </ClInclude>
    <ClInclude Include="datation2.h">
      <Filter>Header Files</Filter>
    </ClInclude>
    <ClInclude Include="DetectThread.h">
      <Filter>Header Files</Filter>
    </ClInclude>
    <ClInclude Include="serfmt.h">
      <Filter>Header Files</Filter>
    </ClInclude>
    <ClInclude Include="wrapper.h">
      <Filter>Header Files</Filter>
    </ClInclude>
    <ClInclude Include="fitsfile_dtc.h">
      <Filter>Header Files</Filter>
    </ClInclude>
    <ClInclude Include="fitsfmt.h">
      <Filter>Header Files</Filter>
    </ClInclude>
    <ClInclude Include="WndResizer.h">
      <Filter>Header Files</Filter>
    </ClInclude>
    <ClInclude Include="wrapper3.h">
      <Filter>Header Files</Filter>
    </ClInclude>
    <ClInclude Include="processes_queue.h">
      <Filter>Header Files</Filter>
    </ClInclude>
  </ItemGroup>
  <ItemGroup>
    <ClCompile Include="DeTeCt-MFC.cpp">
      <Filter>Source Files</Filter>
    </ClCompile>
    <ClCompile Include="DeTeCt-MFCDlg.cpp">
      <Filter>Source Files</Filter>
    </ClCompile>
    <ClCompile Include="stdafx.cpp">
      <Filter>Source Files</Filter>
    </ClCompile>
    <ClCompile Include="fits\stub.c">
      <Filter>Source Files</Filter>
    </ClCompile>
    <ClCompile Include="fits\imio.c">
      <Filter>Source Files</Filter>
    </ClCompile>
    <ClCompile Include="fits\iget.c">
      <Filter>Source Files</Filter>
    </ClCompile>
    <ClCompile Include="fits\hput.c">
      <Filter>Source Files</Filter>
    </ClCompile>
    <ClCompile Include="fits\hget.c">
      <Filter>Source Files</Filter>
    </ClCompile>
    <ClCompile Include="common.c">
      <Filter>Source Files</Filter>
    </ClCompile>
    <ClCompile Include="datation.c">
      <Filter>Source Files</Filter>
    </ClCompile>
    <ClCompile Include="fitsfile_dtc.c">
      <Filter>Source Files</Filter>
    </ClCompile>
    <ClCompile Include="dtcgui.cpp">
      <Filter>Source Files</Filter>
    </ClCompile>
    <ClCompile Include="img2.cpp">
      <Filter>Source Files</Filter>
    </ClCompile>
    <ClCompile Include="filefmt2.cpp">
      <Filter>Source Files</Filter>
    </ClCompile>
    <ClCompile Include="wrapper2.cpp">
      <Filter>Source Files</Filter>
    </ClCompile>
    <ClCompile Include="dtcas3.cpp">
      <Filter>Source Files</Filter>
    </ClCompile>
    <ClCompile Include="SendEmailDlg.cpp">
      <Filter>Source Files</Filter>
    </ClCompile>
    <ClCompile Include="datation2.cpp">
      <Filter>Source Files</Filter>
    </ClCompile>
    <ClCompile Include="DetectThread.cpp">
      <Filter>Source Files</Filter>
    </ClCompile>
    <ClCompile Include="fitsfmt.c">
      <Filter>Source Files</Filter>
    </ClCompile>
    <ClCompile Include="max.c">
      <Filter>Source Files</Filter>
    </ClCompile>
    <ClCompile Include="wrapper.c">
      <Filter>Source Files</Filter>
    </ClCompile>
    <ClCompile Include="serfmt.c">
      <Filter>Source Files</Filter>
    </ClCompile>
    <ClCompile Include="filefmt.c">
      <Filter>Source Files</Filter>
    </ClCompile>
    <ClCompile Include="WndResizer.cpp">
      <Filter>Source Files</Filter>
    </ClCompile>
    <ClCompile Include="wrapper3.cpp">
      <Filter>Source Files</Filter>
    </ClCompile>
    <ClCompile Include="processes_queue.cpp">
      <Filter>Source Files</Filter>
    </ClCompile>
  </ItemGroup>
  <ItemGroup>
    <ResourceCompile Include="DeTeCt-MFC.rc">
      <Filter>Resource Files</Filter>
    </ResourceCompile>
  </ItemGroup>
  <ItemGroup>
    <None Include="res\DeTeCtMFC.rc2">
      <Filter>Resource Files</Filter>
    </None>
    <None Include="fits\libfits.dll">
      <Filter>libraries</Filter>
    </None>
  </ItemGroup>
  <ItemGroup>
    <Image Include="res\DeTeCt-MFC.ico">
      <Filter>Resource Files</Filter>
    </Image>
  </ItemGroup>
</Project>